
Microsoft Visual Studio Solution File, Format Version 12.00
# Visual Studio Version 17
VisualStudioVersion = 17.4.33205.214
MinimumVisualStudioVersion = 10.0.40219.1
Project("{9A19103F-16F7-4668-BE54-9A1E7A4F7556}") = "Parking.Control.API", "Parking.Control.API\Parking.Control.API.csproj", "{D53AE858-119A-4982-97A0-C82A590314F8}"
EndProject
Project("{9A19103F-16F7-4668-BE54-9A1E7A4F7556}") = "Parking.Application", "Parking.Application\Parking.Application.csproj", "{1A8CC684-BE5E-44CA-AE98-2FB795FF25A1}"
EndProject
Project("{9A19103F-16F7-4668-BE54-9A1E7A4F7556}") = "Parking.Domain", "Parking.Domain\Parking.Domain.csproj", "{0665ADA7-0EA4-4AC6-9177-1BC8793DEBB1}"
EndProject
Project("{9A19103F-16F7-4668-BE54-9A1E7A4F7556}") = "Parking.Infra.Data", "Parking.Infra.Data\Parking.Infra.Data.csproj", "{3EE2BAAE-6B06-40B2-B4C4-0FD6730EE0CB}"
EndProject
Project("{2150E333-8FDC-42A3-9474-1A3956D46DE8}") = "BuildingBlocks", "BuildingBlocks", "{3CDA8223-7E2F-45E3-BE68-A91F91F1A376}"
EndProject
Project("{FAE04EC0-301F-11D3-BF4B-00C04F79EFBC}") = "Api.Core", "Api.Core\Api.Core.csproj", "{5D03118D-6DA9-47B8-B868-D569C96B759C}"
EndProject
Global
	GlobalSection(SolutionConfigurationPlatforms) = preSolution
		Debug|Any CPU = Debug|Any CPU
		Release|Any CPU = Release|Any CPU
	EndGlobalSection
	GlobalSection(ProjectConfigurationPlatforms) = postSolution
		{D53AE858-119A-4982-97A0-C82A590314F8}.Debug|Any CPU.ActiveCfg = Debug|Any CPU
		{D53AE858-119A-4982-97A0-C82A590314F8}.Debug|Any CPU.Build.0 = Debug|Any CPU
		{D53AE858-119A-4982-97A0-C82A590314F8}.Release|Any CPU.ActiveCfg = Release|Any CPU
		{D53AE858-119A-4982-97A0-C82A590314F8}.Release|Any CPU.Build.0 = Release|Any CPU
		{1A8CC684-BE5E-44CA-AE98-2FB795FF25A1}.Debug|Any CPU.ActiveCfg = Debug|Any CPU
		{1A8CC684-BE5E-44CA-AE98-2FB795FF25A1}.Debug|Any CPU.Build.0 = Debug|Any CPU
		{1A8CC684-BE5E-44CA-AE98-2FB795FF25A1}.Release|Any CPU.ActiveCfg = Release|Any CPU
		{1A8CC684-BE5E-44CA-AE98-2FB795FF25A1}.Release|Any CPU.Build.0 = Release|Any CPU
		{0665ADA7-0EA4-4AC6-9177-1BC8793DEBB1}.Debug|Any CPU.ActiveCfg = Debug|Any CPU
		{0665ADA7-0EA4-4AC6-9177-1BC8793DEBB1}.Debug|Any CPU.Build.0 = Debug|Any CPU
		{0665ADA7-0EA4-4AC6-9177-1BC8793DEBB1}.Release|Any CPU.ActiveCfg = Release|Any CPU
		{0665ADA7-0EA4-4AC6-9177-1BC8793DEBB1}.Release|Any CPU.Build.0 = Release|Any CPU
		{3EE2BAAE-6B06-40B2-B4C4-0FD6730EE0CB}.Debug|Any CPU.ActiveCfg = Debug|Any CPU
		{3EE2BAAE-6B06-40B2-B4C4-0FD6730EE0CB}.Debug|Any CPU.Build.0 = Debug|Any CPU
		{3EE2BAAE-6B06-40B2-B4C4-0FD6730EE0CB}.Release|Any CPU.ActiveCfg = Release|Any CPU
		{3EE2BAAE-6B06-40B2-B4C4-0FD6730EE0CB}.Release|Any CPU.Build.0 = Release|Any CPU
		{5D03118D-6DA9-47B8-B868-D569C96B759C}.Debug|Any CPU.ActiveCfg = Debug|Any CPU
		{5D03118D-6DA9-47B8-B868-D569C96B759C}.Debug|Any CPU.Build.0 = Debug|Any CPU
		{5D03118D-6DA9-47B8-B868-D569C96B759C}.Release|Any CPU.ActiveCfg = Release|Any CPU
		{5D03118D-6DA9-47B8-B868-D569C96B759C}.Release|Any CPU.Build.0 = Release|Any CPU
	EndGlobalSection
	GlobalSection(SolutionProperties) = preSolution
		HideSolutionNode = FALSE
	EndGlobalSection
	GlobalSection(NestedProjects) = preSolution
		{5D03118D-6DA9-47B8-B868-D569C96B759C} = {3CDA8223-7E2F-45E3-BE68-A91F91F1A376}
	EndGlobalSection
	GlobalSection(ExtensibilityGlobals) = postSolution
		SolutionGuid = {9B0AC174-82C7-4C48-BD62-C526EB81CC44}
	EndGlobalSection
EndGlobal
